
Microsoft Visual Studio Solution File, Format Version 12.00
# Visual Studio Version 17
VisualStudioVersion = 17.5.33424.131
MinimumVisualStudioVersion = 10.0.40219.1
Project("{FAE04EC0-301F-11D3-BF4B-00C04F79EFBC}") = "ComplexTextBox", "ComplexTextBox\ComplexTextBox.csproj", "{69BB3E82-FA75-4932-A192-4991BA5C1E55}"
EndProject
Project("{FAE04EC0-301F-11D3-BF4B-00C04F79EFBC}") = "ComplexTextBoxTestApp", "ComplexTextBoxTestApp\ComplexTextBoxTestApp.csproj", "{B259DA43-9F2F-426F-93F4-90AD7F76816F}"
EndProject
Global
	GlobalSection(SolutionConfigurationPlatforms) = preSolution
		Debug|Any CPU = Debug|Any CPU
		Release|Any CPU = Release|Any CPU
	EndGlobalSection
	GlobalSection(ProjectConfigurationPlatforms) = postSolution
		{69BB3E82-FA75-4932-A192-4991BA5C1E55}.Debug|Any CPU.ActiveCfg = Debug|Any CPU
		{69BB3E82-FA75-4932-A192-4991BA5C1E55}.Debug|Any CPU.Build.0 = Debug|Any CPU
		{69BB3E82-FA75-4932-A192-4991BA5C1E55}.Release|Any CPU.ActiveCfg = Release|Any CPU
		{69BB3E82-FA75-4932-A192-4991BA5C1E55}.Release|Any CPU.Build.0 = Release|Any CPU
		{B259DA43-9F2F-426F-93F4-90AD7F76816F}.Debug|Any CPU.ActiveCfg = Debug|Any CPU
		{B259DA43-9F2F-426F-93F4-90AD7F76816F}.Debug|Any CPU.Build.0 = Debug|Any CPU
		{B259DA43-9F2F-426F-93F4-90AD7F76816F}.Release|Any CPU.ActiveCfg = Release|Any CPU
		{B259DA43-9F2F-426F-93F4-90AD7F76816F}.Release|Any CPU.Build.0 = Release|Any CPU
	EndGlobalSection
	GlobalSection(SolutionProperties) = preSolution
		HideSolutionNode = FALSE
	EndGlobalSection
	GlobalSection(ExtensibilityGlobals) = postSolution
		SolutionGuid = {D65EB0DF-015F-49C4-9931-31C6972B9D09}
	EndGlobalSection
EndGlobal
